// !$*UTF8*$!
{
	archiveVersion = 1;
	classes = {
	};
	objectVersion = 60;
	objects = {

/* Begin PBXBuildFile section */
		A10000000000000000000001 /* Meron.swift in Sources */ = {isa = PBXBuildFile; fileRef = A10000000000000000000011 /* Meron.swift */; };
		A10000000000000000000003 /* RustCoreBridge.swift in Sources */ = {isa = PBXBuildFile; fileRef = A10000000000000000000014 /* RustCoreBridge.swift */; };
		A10000000000000000000004 /* IosBackgroundRefresh.swift in Sources */ = {isa = PBXBuildFile; fileRef = A10000000000000000000016 /* IosBackgroundRefresh.swift */; };
		A10000000000000000000005 /* IosAppPaths.swift in Sources */ = {isa = PBXBuildFile; fileRef = A10000000000000000000017 /* IosAppPaths.swift */; };
		A10000000000000000000210 /* IosSyncDiagnosticLog.swift in Sources */ = {isa = PBXBuildFile; fileRef = A10000000000000000000211 /* IosSyncDiagnosticLog.swift */; };
		A10000000000000000000006 /* RustCoreBridgeContractTests.swift in Sources */ = {isa = PBXBuildFile; fileRef = A10000000000000000000018 /* RustCoreBridgeContractTests.swift */; };
		A10000000000000000000007 /* MailtoUrlContractTests.swift in Sources */ = {isa = PBXBuildFile; fileRef = A1000000000000000000001A /* MailtoUrlContractTests.swift */; };
		A10000000000000000000008 /* IosNotificationContractTests.swift in Sources */ = {isa = PBXBuildFile; fileRef = A1000000000000000000001B /* IosNotificationContractTests.swift */; };
		A10000000000000000000009 /* OAuthCallbackContractTests.swift in Sources */ = {isa = PBXBuildFile; fileRef = A1000000000000000000001C /* OAuthCallbackContractTests.swift */; };
		A1000000000000000000000A /* IosBackgroundRefreshContractTests.swift in Sources */ = {isa = PBXBuildFile; fileRef = A1000000000000000000001D /* IosBackgroundRefreshContractTests.swift */; };
		A1000000000000000000000B /* IosDbKey.swift in Sources */ = {isa = PBXBuildFile; fileRef = A1000000000000000000000C /* IosDbKey.swift */; };
		A10000000000000000000092 /* IosMailModels.swift in Sources */ = {isa = PBXBuildFile; fileRef = A10000000000000000000103 /* IosMailModels.swift */; };
		A10000000000000000000114 /* Localizable.xcstrings in Resources */ = {isa = PBXBuildFile; fileRef = A10000000000000000000115 /* Localizable.xcstrings */; };
		A10000000000000000000117 /* LocalizationContractTests.swift in Sources */ = {isa = PBXBuildFile; fileRef = A10000000000000000000118 /* LocalizationContractTests.swift */; };
		A10000000000000000000119 /* LocalizedCatalog.swift in Sources */ = {isa = PBXBuildFile; fileRef = A1000000000000000000011A /* LocalizedCatalog.swift */; };
		A1000000000000000000011B /* IosComposeHost.swift in Sources */ = {isa = PBXBuildFile; fileRef = A1000000000000000000011C /* IosComposeHost.swift */; };
		A1000000000000000000011D /* IosContractHelpers.swift in Sources */ = {isa = PBXBuildFile; fileRef = A1000000000000000000011E /* IosContractHelpers.swift */; };
		A10000000000000000000201 /* Assets.xcassets in Resources */ = {isa = PBXBuildFile; fileRef = A10000000000000000000200 /* Assets.xcassets */; };
		A10000000000000000000203 /* LaunchScreen.storyboard in Resources */ = {isa = PBXBuildFile; fileRef = A10000000000000000000202 /* LaunchScreen.storyboard */; };
/* End PBXBuildFile section */

/* Begin PBXContainerItemProxy section */
		A10000000000000000000090 /* PBXContainerItemProxy */ = {
			isa = PBXContainerItemProxy;
			containerPortal = A10000000000000000000041 /* Project object */;
			proxyType = 1;
			remoteGlobalIDString = A10000000000000000000040;
			remoteInfo = Meron;
		};
/* End PBXContainerItemProxy section */

/* Begin PBXFileReference section */
		44684984D13B3D27A9CE1F39 /* Version.xcconfig */ = {isa = PBXFileReference; includeInIndex = 1; lastKnownFileType = text.xcconfig; path = Version.xcconfig; sourceTree = "<group>"; };
		A1000000000000000000000C /* IosDbKey.swift */ = {isa = PBXFileReference; lastKnownFileType = sourcecode.swift; path = IosDbKey.swift; sourceTree = "<group>"; };
		A10000000000000000000010 /* Meron.app */ = {isa = PBXFileReference; explicitFileType = wrapper.application; includeInIndex = 0; path = Meron.app; sourceTree = BUILT_PRODUCTS_DIR; };
		A10000000000000000000011 /* Meron.swift */ = {isa = PBXFileReference; lastKnownFileType = sourcecode.swift; path = Meron.swift; sourceTree = "<group>"; };
		A10000000000000000000013 /* Info.plist */ = {isa = PBXFileReference; lastKnownFileType = text.plist.xml; path = Info.plist; sourceTree = "<group>"; };
		A10000000000000000000014 /* RustCoreBridge.swift */ = {isa = PBXFileReference; lastKnownFileType = sourcecode.swift; path = RustCoreBridge.swift; sourceTree = "<group>"; };
		A10000000000000000000015 /* Meron-Bridging-Header.h */ = {isa = PBXFileReference; lastKnownFileType = sourcecode.c.h; path = "Meron-Bridging-Header.h"; sourceTree = "<group>"; };
		A10000000000000000000016 /* IosBackgroundRefresh.swift */ = {isa = PBXFileReference; lastKnownFileType = sourcecode.swift; path = IosBackgroundRefresh.swift; sourceTree = "<group>"; };
		A10000000000000000000017 /* IosAppPaths.swift */ = {isa = PBXFileReference; lastKnownFileType = sourcecode.swift; path = IosAppPaths.swift; sourceTree = "<group>"; };
		A10000000000000000000211 /* IosSyncDiagnosticLog.swift */ = {isa = PBXFileReference; lastKnownFileType = sourcecode.swift; path = IosSyncDiagnosticLog.swift; sourceTree = "<group>"; };
		A10000000000000000000018 /* RustCoreBridgeContractTests.swift */ = {isa = PBXFileReference; lastKnownFileType = sourcecode.swift; path = RustCoreBridgeContractTests.swift; sourceTree = "<group>"; };
		A10000000000000000000019 /* MeronTests.xctest */ = {isa = PBXFileReference; explicitFileType = wrapper.cfbundle; includeInIndex = 0; path = MeronTests.xctest; sourceTree = BUILT_PRODUCTS_DIR; };
		A1000000000000000000001A /* MailtoUrlContractTests.swift */ = {isa = PBXFileReference; lastKnownFileType = sourcecode.swift; path = MailtoUrlContractTests.swift; sourceTree = "<group>"; };
		A1000000000000000000001B /* IosNotificationContractTests.swift */ = {isa = PBXFileReference; lastKnownFileType = sourcecode.swift; path = IosNotificationContractTests.swift; sourceTree = "<group>"; };
		A1000000000000000000001C /* OAuthCallbackContractTests.swift */ = {isa = PBXFileReference; lastKnownFileType = sourcecode.swift; path = OAuthCallbackContractTests.swift; sourceTree = "<group>"; };
		A1000000000000000000001D /* IosBackgroundRefreshContractTests.swift */ = {isa = PBXFileReference; lastKnownFileType = sourcecode.swift; path = IosBackgroundRefreshContractTests.swift; sourceTree = "<group>"; };
		A1000000000000000000001E /* Meron.entitlements */ = {isa = PBXFileReference; lastKnownFileType = text.plist.entitlements; path = Meron.entitlements; sourceTree = "<group>"; };
		A10000000000000000000103 /* IosMailModels.swift */ = {isa = PBXFileReference; lastKnownFileType = sourcecode.swift; path = IosMailModels.swift; sourceTree = "<group>"; };
		A10000000000000000000115 /* Localizable.xcstrings */ = {isa = PBXFileReference; lastKnownFileType = text.json.xcstrings; path = Localizable.xcstrings; sourceTree = "<group>"; };
		A10000000000000000000118 /* LocalizationContractTests.swift */ = {isa = PBXFileReference; lastKnownFileType = sourcecode.swift; path = LocalizationContractTests.swift; sourceTree = "<group>"; };
		A1000000000000000000011A /* LocalizedCatalog.swift */ = {isa = PBXFileReference; lastKnownFileType = sourcecode.swift; path = LocalizedCatalog.swift; sourceTree = "<group>"; };
		A1000000000000000000011C /* IosComposeHost.swift */ = {isa = PBXFileReference; lastKnownFileType = sourcecode.swift; path = IosComposeHost.swift; sourceTree = "<group>"; };
		A1000000000000000000011E /* IosContractHelpers.swift */ = {isa = PBXFileReference; lastKnownFileType = sourcecode.swift; path = IosContractHelpers.swift; sourceTree = "<group>"; };
		A10000000000000000000200 /* Assets.xcassets */ = {isa = PBXFileReference; lastKnownFileType = folder.assetcatalog; path = Assets.xcassets; sourceTree = "<group>"; };
		A10000000000000000000202 /* LaunchScreen.storyboard */ = {isa = PBXFileReference; lastKnownFileType = file.storyboard; path = LaunchScreen.storyboard; sourceTree = "<group>"; };
/* End PBXFileReference section */

/* Begin PBXFrameworksBuildPhase section */
		A10000000000000000000020 /* Frameworks */ = {
			isa = PBXFrameworksBuildPhase;
			buildActionMask = 2147483647;
			files = (
			);
			runOnlyForDeploymentPostprocessing = 0;
		};
		A10000000000000000000021 /* Frameworks */ = {
			isa = PBXFrameworksBuildPhase;
			buildActionMask = 2147483647;
			files = (
			);
			runOnlyForDeploymentPostprocessing = 0;
		};
/* End PBXFrameworksBuildPhase section */

/* Begin PBXGroup section */
		A10000000000000000000030 = {
			isa = PBXGroup;
			children = (
				A10000000000000000000031 /* Meron */,
				A10000000000000000000033 /* MeronTests */,
				A10000000000000000000032 /* Products */,
				44684984D13B3D27A9CE1F39 /* Version.xcconfig */,
			);
			sourceTree = "<group>";
		};
		A10000000000000000000031 /* Meron */ = {
			isa = PBXGroup;
			children = (
				A10000000000000000000011 /* Meron.swift */,
				A1000000000000000000011C /* IosComposeHost.swift */,
				A1000000000000000000011E /* IosContractHelpers.swift */,
				A10000000000000000000103 /* IosMailModels.swift */,
				A1000000000000000000011A /* LocalizedCatalog.swift */,
				A10000000000000000000014 /* RustCoreBridge.swift */,
				A10000000000000000000016 /* IosBackgroundRefresh.swift */,
				A10000000000000000000017 /* IosAppPaths.swift */,
				A10000000000000000000211 /* IosSyncDiagnosticLog.swift */,
				A1000000000000000000000C /* IosDbKey.swift */,
				A1000000000000000000001E /* Meron.entitlements */,
				A10000000000000000000015 /* Meron-Bridging-Header.h */,
				A10000000000000000000013 /* Info.plist */,
				A10000000000000000000115 /* Localizable.xcstrings */,
				A10000000000000000000200 /* Assets.xcassets */,
				A10000000000000000000202 /* LaunchScreen.storyboard */,
			);
			path = Meron;
			sourceTree = "<group>";
		};
		A10000000000000000000032 /* Products */ = {
			isa = PBXGroup;
			children = (
				A10000000000000000000010 /* Meron.app */,
				A10000000000000000000019 /* MeronTests.xctest */,
			);
			name = Products;
			sourceTree = "<group>";
		};
		A10000000000000000000033 /* MeronTests */ = {
			isa = PBXGroup;
			children = (
				A10000000000000000000018 /* RustCoreBridgeContractTests.swift */,
				A1000000000000000000001A /* MailtoUrlContractTests.swift */,
				A1000000000000000000001B /* IosNotificationContractTests.swift */,
				A1000000000000000000001C /* OAuthCallbackContractTests.swift */,
				A1000000000000000000001D /* IosBackgroundRefreshContractTests.swift */,
				A10000000000000000000118 /* LocalizationContractTests.swift */,
			);
			path = MeronTests;
			sourceTree = "<group>";
		};
/* End PBXGroup section */

/* Begin PBXNativeTarget section */
		A10000000000000000000040 /* Meron */ = {
			isa = PBXNativeTarget;
			buildConfigurationList = A10000000000000000000070 /* Build configuration list for PBXNativeTarget "Meron" */;
			buildPhases = (
				A10000000000000000000062 /* Generate i18n */,
				A10000000000000000000060 /* Build MeronUI */,
				A10000000000000000000061 /* Build meron-core */,
				A10000000000000000000050 /* Sources */,
				A10000000000000000000020 /* Frameworks */,
				A10000000000000000000116 /* Resources */,
			);
			buildRules = (
			);
			dependencies = (
			);
			name = Meron;
			productName = Meron;
			productReference = A10000000000000000000010 /* Meron.app */;
			productType = "com.apple.product-type.application";
		};
		A10000000000000000000042 /* MeronTests */ = {
			isa = PBXNativeTarget;
			buildConfigurationList = A10000000000000000000072 /* Build configuration list for PBXNativeTarget "MeronTests" */;
			buildPhases = (
				A10000000000000000000051 /* Sources */,
				A10000000000000000000021 /* Frameworks */,
			);
			buildRules = (
			);
			dependencies = (
				A10000000000000000000091 /* PBXTargetDependency */,
			);
			name = MeronTests;
			productName = MeronTests;
			productReference = A10000000000000000000019 /* MeronTests.xctest */;
			productType = "com.apple.product-type.bundle.unit-test";
		};
/* End PBXNativeTarget section */

/* Begin PBXProject section */
		A10000000000000000000041 /* Project object */ = {
			isa = PBXProject;
			attributes = {
				BuildIndependentTargetsInParallel = 1;
				LastSwiftUpdateCheck = 2630;
				LastUpgradeCheck = 2630;
				TargetAttributes = {
					A10000000000000000000040 = {
						CreatedOnToolsVersion = 26.3;
					};
					A10000000000000000000042 = {
						CreatedOnToolsVersion = 26.3;
						TestTargetID = A10000000000000000000040;
					};
				};
			};
			buildConfigurationList = A10000000000000000000071 /* Build configuration list for PBXProject "Meron" */;
			compatibilityVersion = "Xcode 15.0";
			developmentRegion = en;
			hasScannedForEncodings = 0;
			knownRegions = (
				en,
				Base,
				ar,
				de,
				el,
				es,
				et,
				fr,
				it,
				ja,
				ko,
				lv,
				pl,
				pt,
				"pt-BR",
				sv,
				tr,
				vi,
				"zh-Hans",
				"zh-Hant",
			);
			mainGroup = A10000000000000000000030;
			productRefGroup = A10000000000000000000032 /* Products */;
			projectDirPath = "";
			projectRoot = "";
			targets = (
				A10000000000000000000040 /* Meron */,
				A10000000000000000000042 /* MeronTests */,
			);
		};
/* End PBXProject section */

/* Begin PBXResourcesBuildPhase section */
		A10000000000000000000116 /* Resources */ = {
			isa = PBXResourcesBuildPhase;
			buildActionMask = 2147483647;
			files = (
				A10000000000000000000114 /* Localizable.xcstrings in Resources */,
				A10000000000000000000201 /* Assets.xcassets in Resources */,
				A10000000000000000000203 /* LaunchScreen.storyboard in Resources */,
			);
			runOnlyForDeploymentPostprocessing = 0;
		};
/* End PBXResourcesBuildPhase section */

/* Begin PBXShellScriptBuildPhase section */
		A10000000000000000000060 /* Build MeronUI */ = {
			isa = PBXShellScriptBuildPhase;
			alwaysOutOfDate = 1;
			buildActionMask = 2147483647;
			files = (
			);
			inputFileListPaths = (
			);
			inputPaths = (
			);
			name = "Build MeronUI";
			outputFileListPaths = (
			);
			outputPaths = (
				"$(SRCROOT)/../ui/build/bin/iosArm64/debugFramework/MeronUI.framework/MeronUI",
				"$(SRCROOT)/../ui/build/bin/iosArm64/releaseFramework/MeronUI.framework/MeronUI",
				"$(SRCROOT)/../ui/build/bin/iosSimulatorArm64/debugFramework/MeronUI.framework/MeronUI",
				"$(SRCROOT)/../ui/build/bin/iosSimulatorArm64/releaseFramework/MeronUI.framework/MeronUI",
			);
			runOnlyForDeploymentPostprocessing = 0;
			shellPath = /bin/sh;
			shellScript = "export PATH=\"/opt/homebrew/bin:/usr/local/bin:$HOME/.nix-profile/bin:/nix/var/nix/profiles/default/bin:$HOME/.cargo/bin:/usr/bin:/bin:/usr/sbin:/sbin:$PATH\"\n\nif [ \"$CONFIGURATION\" = \"Release\" ]; then\n  FRAMEWORK_BUILD_TYPE=Release\nelse\n  FRAMEWORK_BUILD_TYPE=Debug\nfi\n\nif [ \"$PLATFORM_NAME\" = \"iphoneos\" ]; then\n  gradle -p \"$SRCROOT/..\" \":ui:link${FRAMEWORK_BUILD_TYPE}FrameworkIosArm64\"\nelse\n  gradle -p \"$SRCROOT/..\" \":ui:link${FRAMEWORK_BUILD_TYPE}FrameworkIosSimulatorArm64\"\nfi\n\nRESOURCE_DEST=\"$TARGET_BUILD_DIR/$UNLOCALIZED_RESOURCES_FOLDER_PATH/compose-resources/composeResources/jp.nonbili.meron.ui.resources\"\nrm -rf \"$RESOURCE_DEST\"\nmkdir -p \"$RESOURCE_DEST\"\nfind \"$SRCROOT/../ui/build/generated/compose/resourceGenerator/preparedResources\" -type d -name composeResources | while read -r resource_dir; do\n  rsync -a \"$resource_dir/\" \"$RESOURCE_DEST/\"\ndone\n";
		};
		A10000000000000000000061 /* Build meron-core */ = {
			isa = PBXShellScriptBuildPhase;
			alwaysOutOfDate = 1;
			buildActionMask = 2147483647;
			files = (
			);
			inputFileListPaths = (
			);
			inputPaths = (
			);
			name = "Build meron-core";
			outputFileListPaths = (
			);
			outputPaths = (
				"$(SRCROOT)/RustCore/libmeron_core.a",
			);
			runOnlyForDeploymentPostprocessing = 0;
			shellPath = /bin/sh;
			shellScript = "if [ \"$PLATFORM_NAME\" = \"iphoneos\" ]; then\n  export TARGET=\"aarch64-apple-ios\"\nelse\n  export TARGET=\"aarch64-apple-ios-sim\"\nfi\nif [ \"$CONFIGURATION\" = \"Release\" ]; then\n  export PROFILE=\"release\"\nelse\n  export PROFILE=\"debug\"\nfi\n\"$SRCROOT/../scripts/package-rust-core-ios.sh\"\n";
		};
		A10000000000000000000062 /* Generate i18n */ = {
			isa = PBXShellScriptBuildPhase;
			alwaysOutOfDate = 1;
			buildActionMask = 2147483647;
			files = (
			);
			inputFileListPaths = (
			);
			inputPaths = (
			);
			name = "Generate i18n";
			outputFileListPaths = (
			);
			outputPaths = (
				"$(SRCROOT)/Meron/Localizable.xcstrings",
			);
			runOnlyForDeploymentPostprocessing = 0;
			shellPath = /bin/sh;
			shellScript = "export PATH=\"/opt/homebrew/bin:/usr/local/bin:$HOME/.nix-profile/bin:/nix/var/nix/profiles/default/bin:$HOME/.cargo/bin:/usr/bin:/bin:/usr/sbin:/sbin:$PATH\"\nbun \"$SRCROOT/../../scripts/i18n/catalog.ts\" generate\n";
		};
/* End PBXShellScriptBuildPhase section */

/* Begin PBXSourcesBuildPhase section */
		A10000000000000000000050 /* Sources */ = {
			isa = PBXSourcesBuildPhase;
			buildActionMask = 2147483647;
			files = (
				A10000000000000000000001 /* Meron.swift in Sources */,
				A1000000000000000000011B /* IosComposeHost.swift in Sources */,
				A1000000000000000000011D /* IosContractHelpers.swift in Sources */,
				A10000000000000000000092 /* IosMailModels.swift in Sources */,
				A10000000000000000000119 /* LocalizedCatalog.swift in Sources */,
				A10000000000000000000003 /* RustCoreBridge.swift in Sources */,
				A10000000000000000000004 /* IosBackgroundRefresh.swift in Sources */,
				A10000000000000000000005 /* IosAppPaths.swift in Sources */,
				A10000000000000000000210 /* IosSyncDiagnosticLog.swift in Sources */,
				A1000000000000000000000B /* IosDbKey.swift in Sources */,
			);
			runOnlyForDeploymentPostprocessing = 0;
		};
		A10000000000000000000051 /* Sources */ = {
			isa = PBXSourcesBuildPhase;
			buildActionMask = 2147483647;
			files = (
				A10000000000000000000006 /* RustCoreBridgeContractTests.swift in Sources */,
				A10000000000000000000007 /* MailtoUrlContractTests.swift in Sources */,
				A10000000000000000000008 /* IosNotificationContractTests.swift in Sources */,
				A10000000000000000000009 /* OAuthCallbackContractTests.swift in Sources */,
				A1000000000000000000000A /* IosBackgroundRefreshContractTests.swift in Sources */,
				A10000000000000000000117 /* LocalizationContractTests.swift in Sources */,
			);
			runOnlyForDeploymentPostprocessing = 0;
		};
/* End PBXSourcesBuildPhase section */

/* Begin PBXTargetDependency section */
		A10000000000000000000091 /* PBXTargetDependency */ = {
			isa = PBXTargetDependency;
			target = A10000000000000000000040 /* Meron */;
			targetProxy = A10000000000000000000090 /* PBXContainerItemProxy */;
		};
/* End PBXTargetDependency section */

/* Begin XCBuildConfiguration section */
		A10000000000000000000080 /* Debug */ = {
			isa = XCBuildConfiguration;
			buildSettings = {
				ALWAYS_SEARCH_USER_PATHS = NO;
				CLANG_ANALYZER_NONNULL = YES;
				CLANG_ANALYZER_NUMBER_OBJECT_CONVERSION = YES_AGGRESSIVE;
				CLANG_CXX_LANGUAGE_STANDARD = "gnu++20";
				CLANG_ENABLE_MODULES = YES;
				CLANG_ENABLE_OBJC_ARC = YES;
				CLANG_ENABLE_OBJC_WEAK = YES;
				CLANG_WARN_BLOCK_CAPTURE_AUTORELEASING = YES;
				CLANG_WARN_BOOL_CONVERSION = YES;
				CLANG_WARN_COMMA = YES;
				CLANG_WARN_CONSTANT_CONVERSION = YES;
				CLANG_WARN_DEPRECATED_OBJC_IMPLEMENTATIONS = YES;
				CLANG_WARN_DIRECT_OBJC_ISA_USAGE = YES_ERROR;
				CLANG_WARN_DOCUMENTATION_COMMENTS = YES;
				CLANG_WARN_EMPTY_BODY = YES;
				CLANG_WARN_ENUM_CONVERSION = YES;
				CLANG_WARN_INFINITE_RECURSION = YES;
				CLANG_WARN_INT_CONVERSION = YES;
				CLANG_WARN_NON_LITERAL_NULL_CONVERSION = YES;
				CLANG_WARN_OBJC_IMPLICIT_RETAIN_SELF = YES;
				CLANG_WARN_OBJC_LITERAL_CONVERSION = YES;
				CLANG_WARN_OBJC_ROOT_CLASS = YES_ERROR;
				CLANG_WARN_QUOTED_INCLUDE_IN_FRAMEWORK_HEADER = YES;
				CLANG_WARN_RANGE_LOOP_ANALYSIS = YES;
				CLANG_WARN_STRICT_PROTOTYPES = YES;
				CLANG_WARN_SUSPICIOUS_MOVE = YES;
				CLANG_WARN_UNGUARDED_AVAILABILITY = YES_AGGRESSIVE;
				CLANG_WARN_UNREACHABLE_CODE = YES;
				CLANG_WARN__DUPLICATE_METHOD_MATCH = YES;
				COPY_PHASE_STRIP = NO;
				DEBUG_INFORMATION_FORMAT = dwarf;
				ENABLE_STRICT_OBJC_MSGSEND = YES;
				ENABLE_TESTABILITY = YES;
				GCC_C_LANGUAGE_STANDARD = gnu17;
				GCC_DYNAMIC_NO_PIC = NO;
				GCC_NO_COMMON_BLOCKS = YES;
				GCC_OPTIMIZATION_LEVEL = 0;
				GCC_PREPROCESSOR_DEFINITIONS = (
					"DEBUG=1",
					"$(inherited)",
				);
				GCC_WARN_64_TO_32_BIT_CONVERSION = YES;
				GCC_WARN_ABOUT_RETURN_TYPE = YES_ERROR;
				GCC_WARN_UNDECLARED_SELECTOR = YES;
				GCC_WARN_UNINITIALIZED_AUTOS = YES_AGGRESSIVE;
				GCC_WARN_UNUSED_FUNCTION = YES;
				GCC_WARN_UNUSED_VARIABLE = YES;
				IPHONEOS_DEPLOYMENT_TARGET = 17.0;
				MTL_ENABLE_DEBUG_INFO = INCLUDE_SOURCE;
				MTL_FAST_MATH = YES;
				ONLY_ACTIVE_ARCH = YES;
				SDKROOT = iphoneos;
				SWIFT_ACTIVE_COMPILATION_CONDITIONS = DEBUG;
				SWIFT_OPTIMIZATION_LEVEL = "-Onone";
			};
			name = Debug;
		};
		A10000000000000000000081 /* Release */ = {
			isa = XCBuildConfiguration;
			buildSettings = {
				ALWAYS_SEARCH_USER_PATHS = NO;
				CLANG_ANALYZER_NONNULL = YES;
				CLANG_ANALYZER_NUMBER_OBJECT_CONVERSION = YES_AGGRESSIVE;
				CLANG_CXX_LANGUAGE_STANDARD = "gnu++20";
				CLANG_ENABLE_MODULES = YES;
				CLANG_ENABLE_OBJC_ARC = YES;
				CLANG_ENABLE_OBJC_WEAK = YES;
				CLANG_WARN_BLOCK_CAPTURE_AUTORELEASING = YES;
				CLANG_WARN_BOOL_CONVERSION = YES;
				CLANG_WARN_COMMA = YES;
				CLANG_WARN_CONSTANT_CONVERSION = YES;
				CLANG_WARN_DEPRECATED_OBJC_IMPLEMENTATIONS = YES;
				CLANG_WARN_DIRECT_OBJC_ISA_USAGE = YES_ERROR;
				CLANG_WARN_DOCUMENTATION_COMMENTS = YES;
				CLANG_WARN_EMPTY_BODY = YES;
				CLANG_WARN_ENUM_CONVERSION = YES;
				CLANG_WARN_INFINITE_RECURSION = YES;
				CLANG_WARN_INT_CONVERSION = YES;
				CLANG_WARN_NON_LITERAL_NULL_CONVERSION = YES;
				CLANG_WARN_OBJC_IMPLICIT_RETAIN_SELF = YES;
				CLANG_WARN_OBJC_LITERAL_CONVERSION = YES;
				CLANG_WARN_OBJC_ROOT_CLASS = YES_ERROR;
				CLANG_WARN_QUOTED_INCLUDE_IN_FRAMEWORK_HEADER = YES;
				CLANG_WARN_RANGE_LOOP_ANALYSIS = YES;
				CLANG_WARN_STRICT_PROTOTYPES = YES;
				CLANG_WARN_SUSPICIOUS_MOVE = YES;
				CLANG_WARN_UNGUARDED_AVAILABILITY = YES_AGGRESSIVE;
				CLANG_WARN_UNREACHABLE_CODE = YES;
				CLANG_WARN__DUPLICATE_METHOD_MATCH = YES;
				COPY_PHASE_STRIP = NO;
				DEBUG_INFORMATION_FORMAT = "dwarf-with-dsym";
				ENABLE_NS_ASSERTIONS = NO;
				ENABLE_STRICT_OBJC_MSGSEND = YES;
				GCC_C_LANGUAGE_STANDARD = gnu17;
				GCC_NO_COMMON_BLOCKS = YES;
				GCC_WARN_64_TO_32_BIT_CONVERSION = YES;
				GCC_WARN_ABOUT_RETURN_TYPE = YES_ERROR;
				GCC_WARN_UNDECLARED_SELECTOR = YES;
				GCC_WARN_UNINITIALIZED_AUTOS = YES_AGGRESSIVE;
				GCC_WARN_UNUSED_FUNCTION = YES;
				GCC_WARN_UNUSED_VARIABLE = YES;
				IPHONEOS_DEPLOYMENT_TARGET = 17.0;
				MTL_ENABLE_DEBUG_INFO = NO;
				MTL_FAST_MATH = YES;
				SDKROOT = iphoneos;
				SWIFT_COMPILATION_MODE = wholemodule;
				SWIFT_OPTIMIZATION_LEVEL = "-O";
				VALIDATE_PRODUCT = YES;
			};
			name = Release;
		};
		A10000000000000000000082 /* Debug */ = {
			isa = XCBuildConfiguration;
			baseConfigurationReference = 44684984D13B3D27A9CE1F39 /* Version.xcconfig */;
			buildSettings = {
				ASSETCATALOG_COMPILER_APPICON_NAME = AppIcon;
				CODE_SIGN_ENTITLEMENTS = Meron/Meron.entitlements;
				CODE_SIGN_STYLE = Automatic;
				DEVELOPMENT_TEAM = NXW8RMPV8L;
				"EXCLUDED_ARCHS[sdk=iphonesimulator*]" = x86_64;
				"FRAMEWORK_SEARCH_PATHS[sdk=iphoneos*]" = (
					"$(inherited)",
					"$(SRCROOT)/../ui/build/bin/iosArm64/releaseFramework",
				);
				"FRAMEWORK_SEARCH_PATHS[sdk=iphonesimulator*]" = (
					"$(inherited)",
					"$(SRCROOT)/../ui/build/bin/iosSimulatorArm64/releaseFramework",
				);
				GENERATE_INFOPLIST_FILE = NO;
				INFOPLIST_FILE = Meron/Info.plist;
				LD_RUNPATH_SEARCH_PATHS = (
					"$(inherited)",
					"@executable_path/Frameworks",
				);
				LIBRARY_SEARCH_PATHS = (
					"$(inherited)",
					"$(SRCROOT)/RustCore",
				);
				MERON_ASSOCIATED_DOMAIN = oauth.example.invalid;
				MERON_GOOGLE_CLIENT_ID = "247266375404-5cdrkea888lsttjh65fjtp3504h45r2k.apps.googleusercontent.com";
				MERON_GOOGLE_CLIENT_SECRET = "";
				MERON_GOOGLE_REDIRECT_URI = "com.googleusercontent.apps.247266375404-5cdrkea888lsttjh65fjtp3504h45r2k:/oauth2redirect/google";
				MERON_OUTLOOK_CLIENT_ID = "7af51167-6eda-4f66-8514-e5163e4069eb";
				MERON_OUTLOOK_CLIENT_SECRET = "";
				MERON_OUTLOOK_REDIRECT_URI = "msauth.jp.nonbili.meron://auth";
				OTHER_LDFLAGS = (
					"$(inherited)",
					"-lmeron_core",
					"-framework",
					MeronUI,
					"-framework",
					SystemConfiguration,
				);
				PRODUCT_BUNDLE_IDENTIFIER = jp.nonbili.meron;
				PRODUCT_NAME = "$(TARGET_NAME)";
				SWIFT_OBJC_BRIDGING_HEADER = "Meron/Meron-Bridging-Header.h";
				SWIFT_VERSION = 5.0;
				TARGETED_DEVICE_FAMILY = "1,2";
			};
			name = Debug;
		};
		A10000000000000000000083 /* Release */ = {
			isa = XCBuildConfiguration;
			baseConfigurationReference = 44684984D13B3D27A9CE1F39 /* Version.xcconfig */;
			buildSettings = {
				ASSETCATALOG_COMPILER_APPICON_NAME = AppIcon;
				CODE_SIGN_ENTITLEMENTS = Meron/Meron.entitlements;
				CODE_SIGN_STYLE = Automatic;
				DEVELOPMENT_TEAM = NXW8RMPV8L;
				"EXCLUDED_ARCHS[sdk=iphonesimulator*]" = x86_64;
				"FRAMEWORK_SEARCH_PATHS[sdk=iphoneos*]" = (
					"$(inherited)",
					"$(SRCROOT)/../ui/build/bin/iosArm64/releaseFramework",
				);
				"FRAMEWORK_SEARCH_PATHS[sdk=iphonesimulator*]" = (
					"$(inherited)",
					"$(SRCROOT)/../ui/build/bin/iosSimulatorArm64/releaseFramework",
				);
				GENERATE_INFOPLIST_FILE = NO;
				INFOPLIST_FILE = Meron/Info.plist;
				LD_RUNPATH_SEARCH_PATHS = (
					"$(inherited)",
					"@executable_path/Frameworks",
				);
				LIBRARY_SEARCH_PATHS = (
					"$(inherited)",
					"$(SRCROOT)/RustCore",
				);
				MERON_ASSOCIATED_DOMAIN = oauth.example.invalid;
				MERON_GOOGLE_CLIENT_ID = "247266375404-5cdrkea888lsttjh65fjtp3504h45r2k.apps.googleusercontent.com";
				MERON_GOOGLE_CLIENT_SECRET = "";
				MERON_GOOGLE_REDIRECT_URI = "com.googleusercontent.apps.247266375404-5cdrkea888lsttjh65fjtp3504h45r2k:/oauth2redirect/google";
				MERON_OUTLOOK_CLIENT_ID = "7af51167-6eda-4f66-8514-e5163e4069eb";
				MERON_OUTLOOK_CLIENT_SECRET = "";
				MERON_OUTLOOK_REDIRECT_URI = "msauth.jp.nonbili.meron://auth";
				OTHER_LDFLAGS = (
					"$(inherited)",
					"-lmeron_core",
					"-framework",
					MeronUI,
					"-framework",
					SystemConfiguration,
				);
				PRODUCT_BUNDLE_IDENTIFIER = jp.nonbili.meron;
				PRODUCT_NAME = "$(TARGET_NAME)";
				SWIFT_OBJC_BRIDGING_HEADER = "Meron/Meron-Bridging-Header.h";
				SWIFT_VERSION = 5.0;
				TARGETED_DEVICE_FAMILY = "1,2";
			};
			name = Release;
		};
		A10000000000000000000084 /* Debug */ = {
			isa = XCBuildConfiguration;
			baseConfigurationReference = 44684984D13B3D27A9CE1F39 /* Version.xcconfig */;
			buildSettings = {
				BUNDLE_LOADER = "$(TEST_HOST)";
				CODE_SIGN_STYLE = Automatic;
				DEVELOPMENT_TEAM = NXW8RMPV8L;
				"FRAMEWORK_SEARCH_PATHS[sdk=iphoneos*]" = (
					"$(inherited)",
					"$(SRCROOT)/../ui/build/bin/iosArm64/debugFramework",
				);
				"FRAMEWORK_SEARCH_PATHS[sdk=iphonesimulator*]" = (
					"$(inherited)",
					"$(SRCROOT)/../ui/build/bin/iosSimulatorArm64/debugFramework",
				);
				GENERATE_INFOPLIST_FILE = YES;
				IPHONEOS_DEPLOYMENT_TARGET = 17.0;
				LD_RUNPATH_SEARCH_PATHS = (
					"$(inherited)",
					"@executable_path/Frameworks",
					"@loader_path/Frameworks",
				);
				PRODUCT_BUNDLE_IDENTIFIER = jp.nonbili.meron.tests;
				PRODUCT_NAME = "$(TARGET_NAME)";
				SWIFT_OBJC_BRIDGING_HEADER = "Meron/Meron-Bridging-Header.h";
				SWIFT_VERSION = 5.0;
				TEST_HOST = "$(BUILT_PRODUCTS_DIR)/Meron.app/$(BUNDLE_EXECUTABLE_FOLDER_PATH)/Meron";
			};
			name = Debug;
		};
		A10000000000000000000085 /* Release */ = {
			isa = XCBuildConfiguration;
			baseConfigurationReference = 44684984D13B3D27A9CE1F39 /* Version.xcconfig */;
			buildSettings = {
				BUNDLE_LOADER = "$(TEST_HOST)";
				CODE_SIGN_STYLE = Automatic;
				DEVELOPMENT_TEAM = NXW8RMPV8L;
				"FRAMEWORK_SEARCH_PATHS[sdk=iphoneos*]" = (
					"$(inherited)",
					"$(SRCROOT)/../ui/build/bin/iosArm64/debugFramework",
				);
				"FRAMEWORK_SEARCH_PATHS[sdk=iphonesimulator*]" = (
					"$(inherited)",
					"$(SRCROOT)/../ui/build/bin/iosSimulatorArm64/debugFramework",
				);
				GENERATE_INFOPLIST_FILE = YES;
				IPHONEOS_DEPLOYMENT_TARGET = 17.0;
				LD_RUNPATH_SEARCH_PATHS = (
					"$(inherited)",
					"@executable_path/Frameworks",
					"@loader_path/Frameworks",
				);
				PRODUCT_BUNDLE_IDENTIFIER = jp.nonbili.meron.tests;
				PRODUCT_NAME = "$(TARGET_NAME)";
				SWIFT_OBJC_BRIDGING_HEADER = "Meron/Meron-Bridging-Header.h";
				SWIFT_VERSION = 5.0;
				TEST_HOST = "$(BUILT_PRODUCTS_DIR)/Meron.app/$(BUNDLE_EXECUTABLE_FOLDER_PATH)/Meron";
			};
			name = Release;
		};
/* End XCBuildConfiguration section */

/* Begin XCConfigurationList section */
		A10000000000000000000070 /* Build configuration list for PBXNativeTarget "Meron" */ = {
			isa = XCConfigurationList;
			buildConfigurations = (
				A10000000000000000000082 /* Debug */,
				A10000000000000000000083 /* Release */,
			);
			defaultConfigurationIsVisible = 0;
			defaultConfigurationName = Debug;
		};
		A10000000000000000000071 /* Build configuration list for PBXProject "Meron" */ = {
			isa = XCConfigurationList;
			buildConfigurations = (
				A10000000000000000000080 /* Debug */,
				A10000000000000000000081 /* Release */,
			);
			defaultConfigurationIsVisible = 0;
			defaultConfigurationName = Debug;
		};
		A10000000000000000000072 /* Build configuration list for PBXNativeTarget "MeronTests" */ = {
			isa = XCConfigurationList;
			buildConfigurations = (
				A10000000000000000000084 /* Debug */,
				A10000000000000000000085 /* Release */,
			);
			defaultConfigurationIsVisible = 0;
			defaultConfigurationName = Debug;
		};
/* End XCConfigurationList section */
	};
	rootObject = A10000000000000000000041 /* Project object */;
}
